
Microsoft Visual Studio Solution File, Format Version 12.00
# Visual Studio Version 17
VisualStudioVersion = 17.2.32616.157
MinimumVisualStudioVersion = 10.0.40219.1
Project("{FAE04EC0-301F-11D3-BF4B-00C04F79EFBC}") = "Lab2", "Lab2\Lab2.csproj", "{EDC1C825-7401-4F76-8613-8233B5793B0D}"
EndProject
Global
	GlobalSection(SolutionConfigurationPlatforms) = preSolution
		Debug|Any CPU = Debug|Any CPU
		Release|Any CPU = Release|Any CPU
	EndGlobalSection
	GlobalSection(ProjectConfigurationPlatforms) = postSolution
		{EDC1C825-7401-4F76-8613-8233B5793B0D}.Debug|Any CPU.ActiveCfg = Debug|Any CPU
		{EDC1C825-7401-4F76-8613-8233B5793B0D}.Debug|Any CPU.Build.0 = Debug|Any CPU
		{EDC1C825-7401-4F76-8613-8233B5793B0D}.Release|Any CPU.ActiveCfg = Release|Any CPU
		{EDC1C825-7401-4F76-8613-8233B5793B0D}.Release|Any CPU.Build.0 = Release|Any CPU
	EndGlobalSection
	GlobalSection(SolutionProperties) = preSolution
		HideSolutionNode = FALSE
	EndGlobalSection
	GlobalSection(ExtensibilityGlobals) = postSolution
		SolutionGuid = {9FB200AA-0561-4D39-95EF-08F4606112B5}
	EndGlobalSection
EndGlobal
